
Microsoft Visual Studio Solution File, Format Version 12.00
# Visual Studio Version 16
VisualStudioVersion = 16.0.31112.23
MinimumVisualStudioVersion = 10.0.40219.1
Project("{9A19103F-16F7-4668-BE54-9A1E7A4F7556}") = "CheilTravel", "CheilTravel\CheilTravel.csproj", "{E29B44AF-7A71-4392-B2D3-ED33791B2547}"
EndProject
Project("{2150E333-8FDC-42A3-9474-1A3956D46DE8}") = "Data", "Data", "{0EDCB46D-0F8A-45C3-941C-486925B4521B}"
EndProject
Project("{9A19103F-16F7-4668-BE54-9A1E7A4F7556}") = "DataRepositorio", "DataRepositorio\DataRepositorio.csproj", "{F5A8CE85-8EB4-4C30-AF57-DBD7EB07A366}"
EndProject
Project("{9A19103F-16F7-4668-BE54-9A1E7A4F7556}") = "DataEntity", "DataEntity\DataEntity.csproj", "{4D7A1BF7-0A58-4F61-AB87-48B8BCCBC0EE}"
EndProject
Project("{9A19103F-16F7-4668-BE54-9A1E7A4F7556}") = "Data", "Data\Data.csproj", "{75F0FCA4-2C74-4B36-BB41-217BD499C908}"
EndProject
Project("{9A19103F-16F7-4668-BE54-9A1E7A4F7556}") = "DataModelo", "DataModelo\DataModelo.csproj", "{2DBE8C51-00EA-4F2D-8499-8E01C27B3357}"
EndProject
Project("{2150E333-8FDC-42A3-9474-1A3956D46DE8}") = "Dto", "Dto", "{99C374D9-0772-41D2-9592-9497F23A6D42}"
EndProject
Project("{9A19103F-16F7-4668-BE54-9A1E7A4F7556}") = "Dtos", "Dtos\Dtos.csproj", "{FF8C9738-AF26-4B70-B697-2C4C70BAAA48}"
EndProject
Project("{2150E333-8FDC-42A3-9474-1A3956D46DE8}") = "Negocio", "Negocio", "{A602A382-D669-4F91-A631-FB4534B31879}"
EndProject
Project("{9A19103F-16F7-4668-BE54-9A1E7A4F7556}") = "Negocio", "Negocio\Negocio.csproj", "{DC7214E8-1104-4BAC-A449-883ABE318C86}"
EndProject
Project("{2150E333-8FDC-42A3-9474-1A3956D46DE8}") = "Comunes", "Comunes", "{D72687B5-6A54-4FCA-B164-5917FF29F773}"
EndProject
Project("{9A19103F-16F7-4668-BE54-9A1E7A4F7556}") = "Transversal", "Transversal\Transversal.csproj", "{225B4FC4-C8ED-49A2-BAEC-C9689FAE1923}"
EndProject
Project("{FAE04EC0-301F-11D3-BF4B-00C04F79EFBC}") = "CheilTravelApi", "CheilTravelApi\CheilTravelApi.csproj", "{0427B67B-5685-43E5-8B48-35C328E16559}"
EndProject
Global
	GlobalSection(SolutionConfigurationPlatforms) = preSolution
		Debug|Any CPU = Debug|Any CPU
		Release|Any CPU = Release|Any CPU
	EndGlobalSection
	GlobalSection(ProjectConfigurationPlatforms) = postSolution
		{E29B44AF-7A71-4392-B2D3-ED33791B2547}.Debug|Any CPU.ActiveCfg = Debug|Any CPU
		{E29B44AF-7A71-4392-B2D3-ED33791B2547}.Debug|Any CPU.Build.0 = Debug|Any CPU
		{E29B44AF-7A71-4392-B2D3-ED33791B2547}.Release|Any CPU.ActiveCfg = Release|Any CPU
		{E29B44AF-7A71-4392-B2D3-ED33791B2547}.Release|Any CPU.Build.0 = Release|Any CPU
		{F5A8CE85-8EB4-4C30-AF57-DBD7EB07A366}.Debug|Any CPU.ActiveCfg = Debug|Any CPU
		{F5A8CE85-8EB4-4C30-AF57-DBD7EB07A366}.Debug|Any CPU.Build.0 = Debug|Any CPU
		{F5A8CE85-8EB4-4C30-AF57-DBD7EB07A366}.Release|Any CPU.ActiveCfg = Release|Any CPU
		{F5A8CE85-8EB4-4C30-AF57-DBD7EB07A366}.Release|Any CPU.Build.0 = Release|Any CPU
		{4D7A1BF7-0A58-4F61-AB87-48B8BCCBC0EE}.Debug|Any CPU.ActiveCfg = Debug|Any CPU
		{4D7A1BF7-0A58-4F61-AB87-48B8BCCBC0EE}.Debug|Any CPU.Build.0 = Debug|Any CPU
		{4D7A1BF7-0A58-4F61-AB87-48B8BCCBC0EE}.Release|Any CPU.ActiveCfg = Release|Any CPU
		{4D7A1BF7-0A58-4F61-AB87-48B8BCCBC0EE}.Release|Any CPU.Build.0 = Release|Any CPU
		{75F0FCA4-2C74-4B36-BB41-217BD499C908}.Debug|Any CPU.ActiveCfg = Debug|Any CPU
		{75F0FCA4-2C74-4B36-BB41-217BD499C908}.Debug|Any CPU.Build.0 = Debug|Any CPU
		{75F0FCA4-2C74-4B36-BB41-217BD499C908}.Release|Any CPU.ActiveCfg = Release|Any CPU
		{75F0FCA4-2C74-4B36-BB41-217BD499C908}.Release|Any CPU.Build.0 = Release|Any CPU
		{2DBE8C51-00EA-4F2D-8499-8E01C27B3357}.Debug|Any CPU.ActiveCfg = Debug|Any CPU
		{2DBE8C51-00EA-4F2D-8499-8E01C27B3357}.Debug|Any CPU.Build.0 = Debug|Any CPU
		{2DBE8C51-00EA-4F2D-8499-8E01C27B3357}.Release|Any CPU.ActiveCfg = Release|Any CPU
		{2DBE8C51-00EA-4F2D-8499-8E01C27B3357}.Release|Any CPU.Build.0 = Release|Any CPU
		{FF8C9738-AF26-4B70-B697-2C4C70BAAA48}.Debug|Any CPU.ActiveCfg = Debug|Any CPU
		{FF8C9738-AF26-4B70-B697-2C4C70BAAA48}.Debug|Any CPU.Build.0 = Debug|Any CPU
		{FF8C9738-AF26-4B70-B697-2C4C70BAAA48}.Release|Any CPU.ActiveCfg = Release|Any CPU
		{FF8C9738-AF26-4B70-B697-2C4C70BAAA48}.Release|Any CPU.Build.0 = Release|Any CPU
		{DC7214E8-1104-4BAC-A449-883ABE318C86}.Debug|Any CPU.ActiveCfg = Debug|Any CPU
		{DC7214E8-1104-4BAC-A449-883ABE318C86}.Debug|Any CPU.Build.0 = Debug|Any CPU
		{DC7214E8-1104-4BAC-A449-883ABE318C86}.Release|Any CPU.ActiveCfg = Release|Any CPU
		{DC7214E8-1104-4BAC-A449-883ABE318C86}.Release|Any CPU.Build.0 = Release|Any CPU
		{225B4FC4-C8ED-49A2-BAEC-C9689FAE1923}.Debug|Any CPU.ActiveCfg = Debug|Any CPU
		{225B4FC4-C8ED-49A2-BAEC-C9689FAE1923}.Debug|Any CPU.Build.0 = Debug|Any CPU
		{225B4FC4-C8ED-49A2-BAEC-C9689FAE1923}.Release|Any CPU.ActiveCfg = Release|Any CPU
		{225B4FC4-C8ED-49A2-BAEC-C9689FAE1923}.Release|Any CPU.Build.0 = Release|Any CPU
		{0427B67B-5685-43E5-8B48-35C328E16559}.Debug|Any CPU.ActiveCfg = Debug|Any CPU
		{0427B67B-5685-43E5-8B48-35C328E16559}.Debug|Any CPU.Build.0 = Debug|Any CPU
		{0427B67B-5685-43E5-8B48-35C328E16559}.Release|Any CPU.ActiveCfg = Release|Any CPU
		{0427B67B-5685-43E5-8B48-35C328E16559}.Release|Any CPU.Build.0 = Release|Any CPU
	EndGlobalSection
	GlobalSection(SolutionProperties) = preSolution
		HideSolutionNode = FALSE
	EndGlobalSection
	GlobalSection(NestedProjects) = preSolution
		{F5A8CE85-8EB4-4C30-AF57-DBD7EB07A366} = {0EDCB46D-0F8A-45C3-941C-486925B4521B}
		{4D7A1BF7-0A58-4F61-AB87-48B8BCCBC0EE} = {0EDCB46D-0F8A-45C3-941C-486925B4521B}
		{75F0FCA4-2C74-4B36-BB41-217BD499C908} = {0EDCB46D-0F8A-45C3-941C-486925B4521B}
		{2DBE8C51-00EA-4F2D-8499-8E01C27B3357} = {0EDCB46D-0F8A-45C3-941C-486925B4521B}
		{FF8C9738-AF26-4B70-B697-2C4C70BAAA48} = {99C374D9-0772-41D2-9592-9497F23A6D42}
		{DC7214E8-1104-4BAC-A449-883ABE318C86} = {A602A382-D669-4F91-A631-FB4534B31879}
		{225B4FC4-C8ED-49A2-BAEC-C9689FAE1923} = {D72687B5-6A54-4FCA-B164-5917FF29F773}
	EndGlobalSection
	GlobalSection(ExtensibilityGlobals) = postSolution
		SolutionGuid = {3A649B4D-003C-4562-99EC-EB6839383E56}
	EndGlobalSection
EndGlobal
